
Microsoft Visual Studio Solution File, Format Version 12.00
# Visual Studio for Mac
Project("{FAE04EC0-301F-11D3-BF4B-00C04F79EFBC}") = "Assembly-CSharp", "Assembly-CSharp.csproj", "{BBAD7E36-5B6D-92D6-C949-D2F7754AF2A8}"
EndProject
Global
	GlobalSection(SolutionConfigurationPlatforms) = preSolution
		Debug|Any CPU = Debug|Any CPU
		Release|Any CPU = Release|Any CPU
	EndGlobalSection
	GlobalSection(ProjectConfigurationPlatforms) = postSolution
		{BBAD7E36-5B6D-92D6-C949-D2F7754AF2A8}.Debug|Any CPU.ActiveCfg = Debug|Any CPU
		{BBAD7E36-5B6D-92D6-C949-D2F7754AF2A8}.Debug|Any CPU.Build.0 = Debug|Any CPU
		{BBAD7E36-5B6D-92D6-C949-D2F7754AF2A8}.Release|Any CPU.ActiveCfg = Release|Any CPU
		{BBAD7E36-5B6D-92D6-C949-D2F7754AF2A8}.Release|Any CPU.Build.0 = Release|Any CPU
	EndGlobalSection
	GlobalSection(SolutionProperties) = preSolution
		HideSolutionNode = FALSE
	EndGlobalSection
EndGlobal
